
Microsoft Visual Studio Solution File, Format Version 12.00
# Visual Studio Version 16
VisualStudioVersion = 16.0.31613.86
MinimumVisualStudioVersion = 10.0.40219.1
Project("{8BC9CEB8-8B4A-11D0-8D11-00A0C91BC942}") = "vstup", "vstup\vstup.vcxproj", "{E2EF90CA-9C1A-47CC-A01C-374751C1E1DE}"
EndProject
Global
	GlobalSection(SolutionConfigurationPlatforms) = preSolution
		Debug|x64 = Debug|x64
		Debug|x86 = Debug|x86
		Release|x64 = Release|x64
		Release|x86 = Release|x86
	EndGlobalSection
	GlobalSection(ProjectConfigurationPlatforms) = postSolution
		{E2EF90CA-9C1A-47CC-A01C-374751C1E1DE}.Debug|x64.ActiveCfg = Debug|x64
		{E2EF90CA-9C1A-47CC-A01C-374751C1E1DE}.Debug|x64.Build.0 = Debug|x64
		{E2EF90CA-9C1A-47CC-A01C-374751C1E1DE}.Debug|x86.ActiveCfg = Debug|Win32
		{E2EF90CA-9C1A-47CC-A01C-374751C1E1DE}.Debug|x86.Build.0 = Debug|Win32
		{E2EF90CA-9C1A-47CC-A01C-374751C1E1DE}.Release|x64.ActiveCfg = Release|x64
		{E2EF90CA-9C1A-47CC-A01C-374751C1E1DE}.Release|x64.Build.0 = Release|x64
		{E2EF90CA-9C1A-47CC-A01C-374751C1E1DE}.Release|x86.ActiveCfg = Release|Win32
		{E2EF90CA-9C1A-47CC-A01C-374751C1E1DE}.Release|x86.Build.0 = Release|Win32
	EndGlobalSection
	GlobalSection(SolutionProperties) = preSolution
		HideSolutionNode = FALSE
	EndGlobalSection
	GlobalSection(ExtensibilityGlobals) = postSolution
		SolutionGuid = {AB1972DD-E23D-4A10-AF90-CB5A06E0221C}
	EndGlobalSection
EndGlobal
